{
    "_readme": [
        "This file locks the dependencies of your project to a known state",
        "Read more about it at https://getcomposer.org/doc/01-basic-usage.md#installing-dependencies",
        "This file is @generated automatically"
    ],
    "content-hash": "efd9fcefaa662a8fb1e3ea1736776a4b",
    "packages": [
        {
            "name": "workerman/channel",
            "version": "v1.0.4",
            "source": {
                "type": "git",
                "url": "https://github.com/walkor/Channel.git",
                "reference": "73def8e86fe8912b0822b9ffc6b28647ace94172"
            },
            "dist": {
                "type": "zip",
                "url": "https://api.github.com/repos/walkor/Channel/zipball/73def8e86fe8912b0822b9ffc6b28647ace94172",
                "reference": "73def8e86fe8912b0822b9ffc6b28647ace94172",
                "shasum": ""
            },
            "require": {
                "workerman/workerman": ">=3.3.0"
            },
            "type": "library",
            "autoload": {
                "psr-4": {
                    "Channel\\": "./src"
                }
            },
            "notification-url": "https://packagist.org/downloads/",
            "license": [
                "MIT"
            ],
            "homepage": "http://www.workerman.net",
            "time": "2018-04-28T05:31:12+00:00"
        },
        {
            "name": "workerman/gateway-worker",
            "version": "v3.0.8",
            "source": {
                "type": "git",
                "url": "https://github.com/walkor/GatewayWorker.git",
                "reference": "b50f901fb390d790df5bd679942eecdaaf880327"
            },
            "dist": {
                "type": "zip",
                "url": "https://api.github.com/repos/walkor/GatewayWorker/zipball/b50f901fb390d790df5bd679942eecdaaf880327",
                "reference": "b50f901fb390d790df5bd679942eecdaaf880327",
                "shasum": ""
            },
            "require": {
                "workerman/workerman": ">=3.1.8"
            },
            "type": "library",
            "autoload": {
                "psr-4": {
                    "GatewayWorker\\": "./src"
                }
            },
            "notification-url": "https://packagist.org/downloads/",
            "license": [
                "MIT"
            ],
            "homepage": "http://www.workerman.net",
            "keywords": [
                "communication",
                "distributed"
            ],
            "time": "2018-05-08T10:58:29+00:00"
        },
        {
            "name": "workerman/gatewayclient",
            "version": "v3.0.8",
            "source": {
                "type": "git",
                "url": "https://github.com/walkor/GatewayClient.git",
                "reference": "d70e03558f936cf3c1d84d4884dc8454bf95cc00"
            },
            "dist": {
                "type": "zip",
                "url": "https://api.github.com/repos/walkor/GatewayClient/zipball/d70e03558f936cf3c1d84d4884dc8454bf95cc00",
                "reference": "d70e03558f936cf3c1d84d4884dc8454bf95cc00",
                "shasum": ""
            },
            "type": "library",
            "autoload": {
                "psr-4": {
                    "GatewayClient\\": "./"
                }
            },
            "notification-url": "https://packagist.org/downloads/",
            "license": [
                "MIT"
            ],
            "homepage": "http://www.workerman.net",
            "time": "2018-05-10T11:02:58+00:00"
        },
        {
            "name": "workerman/mysql",
            "version": "v1.0.5",
            "source": {
                "type": "git",
                "url": "https://github.com/walkor/mysql.git",
                "reference": "34ac7b3986294197c0fe8142fa450abfebdad779"
            },
            "dist": {
                "type": "zip",
                "url": "https://api.github.com/repos/walkor/mysql/zipball/34ac7b3986294197c0fe8142fa450abfebdad779",
                "reference": "34ac7b3986294197c0fe8142fa450abfebdad779",
                "shasum": ""
            },
            "require": {
                "ext-pdo": "*",
                "ext-pdo_mysql": "*",
                "php": ">=5.3"
            },
            "type": "library",
            "autoload": {
                "psr-4": {
                    "Workerman\\MySQL\\": "./src"
                }
            },
            "notification-url": "https://packagist.org/downloads/",
            "license": [
                "MIT"
            ],
            "description": "Long-living MySQL connection for daemon.",
            "homepage": "http://www.workerman.net",
            "keywords": [
                "mysql",
                "pdo",
                "pdo_mysql"
            ],
            "time": "2018-03-06T06:20:23+00:00"
        },
        {
            "name": "workerman/phpsocket.io",
            "version": "v1.1.9",
            "source": {
                "type": "git",
                "url": "https://github.com/walkor/phpsocket.io.git",
                "reference": "8ee5fd56ea364e99c6428dd5df04b730f92e7d91"
            },
            "dist": {
                "type": "zip",
                "url": "https://api.github.com/repos/walkor/phpsocket.io/zipball/8ee5fd56ea364e99c6428dd5df04b730f92e7d91",
                "reference": "8ee5fd56ea364e99c6428dd5df04b730f92e7d91",
                "shasum": ""
            },
            "require": {
                "workerman/channel": ">=1.0.0",
                "workerman/workerman": ">=3.1.8"
            },
            "type": "library",
            "autoload": {
                "psr-4": {
                    "PHPSocketIO\\": "./src"
                }
            },
            "notification-url": "https://packagist.org/downloads/",
            "license": [
                "MIT"
            ],
            "homepage": "http://www.workerman.net",
            "keywords": [
                "Socket.io"
            ],
            "time": "2018-04-15T14:03:37+00:00"
        },
        {
            "name": "workerman/workerman",
            "version": "v3.5.6",
            "source": {
                "type": "git",
                "url": "https://github.com/walkor/Workerman.git",
                "reference": "46a77574a5ca39def6dec51ddf350cf50daab309"
            },
            "dist": {
                "type": "zip",
                "url": "https://api.github.com/repos/walkor/Workerman/zipball/46a77574a5ca39def6dec51ddf350cf50daab309",
                "reference": "46a77574a5ca39def6dec51ddf350cf50daab309",
                "shasum": ""
            },
            "require": {
                "php": ">=5.3"
            },
            "suggest": {
                "ext-event": "For better performance. "
            },
            "type": "library",
            "autoload": {
                "psr-4": {
                    "Workerman\\": "./"
                }
            },
            "notification-url": "https://packagist.org/downloads/",
            "license": [
                "MIT"
            ],
            "authors": [
                {
                    "name": "walkor",
                    "email": "walkor@workerman.net",
                    "homepage": "http://www.workerman.net",
                    "role": "Developer"
                }
            ],
            "description": "An asynchronous event driven PHP framework for easily building fast, scalable network applications.",
            "homepage": "http://www.workerman.net",
            "keywords": [
                "asynchronous",
                "event-loop"
            ],
            "time": "2018-04-11T11:25:52+00:00"
        }
    ],
    "packages-dev": [],
    "aliases": [],
    "minimum-stability": "stable",
    "stability-flags": [],
    "prefer-stable": false,
    "prefer-lowest": false,
    "platform": [],
    "platform-dev": []
}
